
Microsoft Visual Studio Solution File, Format Version 12.00
# Visual Studio Express 15 for Windows Desktop
VisualStudioVersion = 15.0.28010.2050
MinimumVisualStudioVersion = 10.0.40219.1
Project("{FAE04EC0-301F-11D3-BF4B-00C04F79EFBC}") = "ProjetoFinal_POO", "ProjetoFinal_POO\ProjetoFinal_POO.csproj", "{6015BCDB-6B0C-45C5-B0AD-C9F511139984}"
EndProject
Global
	GlobalSection(SolutionConfigurationPlatforms) = preSolution
		Debug|Any CPU = Debug|Any CPU
		Release|Any CPU = Release|Any CPU
	EndGlobalSection
	GlobalSection(ProjectConfigurationPlatforms) = postSolution
		{6015BCDB-6B0C-45C5-B0AD-C9F511139984}.Debug|Any CPU.ActiveCfg = Debug|Any CPU
		{6015BCDB-6B0C-45C5-B0AD-C9F511139984}.Debug|Any CPU.Build.0 = Debug|Any CPU
		{6015BCDB-6B0C-45C5-B0AD-C9F511139984}.Release|Any CPU.ActiveCfg = Release|Any CPU
		{6015BCDB-6B0C-45C5-B0AD-C9F511139984}.Release|Any CPU.Build.0 = Release|Any CPU
	EndGlobalSection
	GlobalSection(SolutionProperties) = preSolution
		HideSolutionNode = FALSE
	EndGlobalSection
	GlobalSection(ExtensibilityGlobals) = postSolution
		SolutionGuid = {97900A7A-75F9-440A-913B-0C39263E9C33}
	EndGlobalSection
EndGlobal
